// !$*UTF8*$!
{
	archiveVersion = 1;
	classes = {
	};
	objectVersion = 56;
	objects = {

/* Begin PBXBuildFile section */
		75B495942B172FAD00653A44 /* Bruins_BasketballApp.swift in Sources */ = {isa = PBXBuildFile; fileRef = 75B495932B172FAD00653A44 /* Bruins_BasketballApp.swift */; };
		75B495962B172FAD00653A44 /* ContentView.swift in Sources */ = {isa = PBXBuildFile; fileRef = 75B495952B172FAD00653A44 /* ContentView.swift */; };
		75B495982B172FAF00653A44 /* Assets.xcassets in Resources */ = {isa = PBXBuildFile; fileRef = 75B495972B172FAF00653A44 /* Assets.xcassets */; };
		75B4959B2B172FAF00653A44 /* Preview Assets.xcassets in Resources */ = {isa = PBXBuildFile; fileRef = 75B4959A2B172FAF00653A44 /* Preview Assets.xcassets */; };
		75B495A52B172FAF00653A44 /* Bruins_BasketballTests.swift in Sources */ = {isa = PBXBuildFile; fileRef = 75B495A42B172FAF00653A44 /* Bruins_BasketballTests.swift */; };
		75B495AF2B172FAF00653A44 /* Bruins_BasketballUITests.swift in Sources */ = {isa = PBXBuildFile; fileRef = 75B495AE2B172FAF00653A44 /* Bruins_BasketballUITests.swift */; };
		75B495B12B172FAF00653A44 /* Bruins_BasketballUITestsLaunchTests.swift in Sources */ = {isa = PBXBuildFile; fileRef = 75B495B02B172FAF00653A44 /* Bruins_BasketballUITestsLaunchTests.swift */; };
/* End PBXBuildFile section */

/* Begin PBXContainerItemProxy section */
		75B495A12B172FAF00653A44 /* PBXContainerItemProxy */ = {
			isa = PBXContainerItemProxy;
			containerPortal = 75B495882B172FAC00653A44 /* Project object */;
			proxyType = 1;
			remoteGlobalIDString = 75B4958F2B172FAD00653A44;
			remoteInfo = "Bruins Basketball";
		};
		75B495AB2B172FAF00653A44 /* PBXContainerItemProxy */ = {
			isa = PBXContainerItemProxy;
			containerPortal = 75B495882B172FAC00653A44 /* Project object */;
			proxyType = 1;
			remoteGlobalIDString = 75B4958F2B172FAD00653A44;
			remoteInfo = "Bruins Basketball";
		};
/* End PBXContainerItemProxy section */

/* Begin PBXFileReference section */
		75B495902B172FAD00653A44 /* Bruins Basketball.app */ = {isa = PBXFileReference; explicitFileType = wrapper.application; includeInIndex = 0; path = "Bruins Basketball.app"; sourceTree = BUILT_PRODUCTS_DIR; };
		75B495932B172FAD00653A44 /* Bruins_BasketballApp.swift */ = {isa = PBXFileReference; lastKnownFileType = sourcecode.swift; path = Bruins_BasketballApp.swift; sourceTree = "<group>"; };
		75B495952B172FAD00653A44 /* ContentView.swift */ = {isa = PBXFileReference; lastKnownFileType = sourcecode.swift; path = ContentView.swift; sourceTree = "<group>"; };
		75B495972B172FAF00653A44 /* Assets.xcassets */ = {isa = PBXFileReference; lastKnownFileType = folder.assetcatalog; path = Assets.xcassets; sourceTree = "<group>"; };
		75B4959A2B172FAF00653A44 /* Preview Assets.xcassets */ = {isa = PBXFileReference; lastKnownFileType = folder.assetcatalog; path = "Preview Assets.xcassets"; sourceTree = "<group>"; };
		75B495A02B172FAF00653A44 /* Bruins BasketballTests.xctest */ = {isa = PBXFileReference; explicitFileType = wrapper.cfbundle; includeInIndex = 0; path = "Bruins BasketballTests.xctest"; sourceTree = BUILT_PRODUCTS_DIR; };
		75B495A42B172FAF00653A44 /* Bruins_BasketballTests.swift */ = {isa = PBXFileReference; lastKnownFileType = sourcecode.swift; path = Bruins_BasketballTests.swift; sourceTree = "<group>"; };
		75B495AA2B172FAF00653A44 /* Bruins BasketballUITests.xctest */ = {isa = PBXFileReference; explicitFileType = wrapper.cfbundle; includeInIndex = 0; path = "Bruins BasketballUITests.xctest"; sourceTree = BUILT_PRODUCTS_DIR; };
		75B495AE2B172FAF00653A44 /* Bruins_BasketballUITests.swift */ = {isa = PBXFileReference; lastKnownFileType = sourcecode.swift; path = Bruins_BasketballUITests.swift; sourceTree = "<group>"; };
		75B495B02B172FAF00653A44 /* Bruins_BasketballUITestsLaunchTests.swift */ = {isa = PBXFileReference; lastKnownFileType = sourcecode.swift; path = Bruins_BasketballUITestsLaunchTests.swift; sourceTree = "<group>"; };
/* End PBXFileReference section */

/* Begin PBXFrameworksBuildPhase section */
		75B4958D2B172FAD00653A44 /* Frameworks */ = {
			isa = PBXFrameworksBuildPhase;
			buildActionMask = 2147483647;
			files = (
			);
			runOnlyForDeploymentPostprocessing = 0;
		};
		75B4959D2B172FAF00653A44 /* Frameworks */ = {
			isa = PBXFrameworksBuildPhase;
			buildActionMask = 2147483647;
			files = (
			);
			runOnlyForDeploymentPostprocessing = 0;
		};
		75B495A72B172FAF00653A44 /* Frameworks */ = {
			isa = PBXFrameworksBuildPhase;
			buildActionMask = 2147483647;
			files = (
			);
			runOnlyForDeploymentPostprocessing = 0;
		};
/* End PBXFrameworksBuildPhase section */

/* Begin PBXGroup section */
		75B495872B172FAC00653A44 = {
			isa = PBXGroup;
			children = (
				75B495922B172FAD00653A44 /* Bruins Basketball */,
				75B495A32B172FAF00653A44 /* Bruins BasketballTests */,
				75B495AD2B172FAF00653A44 /* Bruins BasketballUITests */,
				75B495912B172FAD00653A44 /* Products */,
			);
			sourceTree = "<group>";
		};
		75B495912B172FAD00653A44 /* Products */ = {
			isa = PBXGroup;
			children = (
				75B495902B172FAD00653A44 /* Bruins Basketball.app */,
				75B495A02B172FAF00653A44 /* Bruins BasketballTests.xctest */,
				75B495AA2B172FAF00653A44 /* Bruins BasketballUITests.xctest */,
			);
			name = Products;
			sourceTree = "<group>";
		};
		75B495922B172FAD00653A44 /* Bruins Basketball */ = {
			isa = PBXGroup;
			children = (
				75B495932B172FAD00653A44 /* Bruins_BasketballApp.swift */,
				75B495952B172FAD00653A44 /* ContentView.swift */,
				75B495972B172FAF00653A44 /* Assets.xcassets */,
				75B495992B172FAF00653A44 /* Preview Content */,
			);
			path = "Bruins Basketball";
			sourceTree = "<group>";
		};
		75B495992B172FAF00653A44 /* Preview Content */ = {
			isa = PBXGroup;
			children = (
				75B4959A2B172FAF00653A44 /* Preview Assets.xcassets */,
			);
			path = "Preview Content";
			sourceTree = "<group>";
		};
		75B495A32B172FAF00653A44 /* Bruins BasketballTests */ = {
			isa = PBXGroup;
			children = (
				75B495A42B172FAF00653A44 /* Bruins_BasketballTests.swift */,
			);
			path = "Bruins BasketballTests";
			sourceTree = "<group>";
		};
		75B495AD2B172FAF00653A44 /* Bruins BasketballUITests */ = {
			isa = PBXGroup;
			children = (
				75B495AE2B172FAF00653A44 /* Bruins_BasketballUITests.swift */,
				75B495B02B172FAF00653A44 /* Bruins_BasketballUITestsLaunchTests.swift */,
			);
			path = "Bruins BasketballUITests";
			sourceTree = "<group>";
		};
/* End PBXGroup section */

/* Begin PBXNativeTarget section */
		75B4958F2B172FAD00653A44 /* Bruins Basketball */ = {
			isa = PBXNativeTarget;
			buildConfigurationList = 75B495B42B172FAF00653A44 /* Build configuration list for PBXNativeTarget "Bruins Basketball" */;
			buildPhases = (
				75B4958C2B172FAD00653A44 /* Sources */,
				75B4958D2B172FAD00653A44 /* Frameworks */,
				75B4958E2B172FAD00653A44 /* Resources */,
			);
			buildRules = (
			);
			dependencies = (
			);
			name = "Bruins Basketball";
			productName = "Bruins Basketball";
			productReference = 75B495902B172FAD00653A44 /* Bruins Basketball.app */;
			productType = "com.apple.product-type.application";
		};
		75B4959F2B172FAF00653A44 /* Bruins BasketballTests */ = {
			isa = PBXNativeTarget;
			buildConfigurationList = 75B495B72B172FAF00653A44 /* Build configuration list for PBXNativeTarget "Bruins BasketballTests" */;
			buildPhases = (
				75B4959C2B172FAF00653A44 /* Sources */,
				75B4959D2B172FAF00653A44 /* Frameworks */,
				75B4959E2B172FAF00653A44 /* Resources */,
			);
			buildRules = (
			);
			dependencies = (
				75B495A22B172FAF00653A44 /* PBXTargetDependency */,
			);
			name = "Bruins BasketballTests";
			productName = "Bruins BasketballTests";
			productReference = 75B495A02B172FAF00653A44 /* Bruins BasketballTests.xctest */;
			productType = "com.apple.product-type.bundle.unit-test";
		};
		75B495A92B172FAF00653A44 /* Bruins BasketballUITests */ = {
			isa = PBXNativeTarget;
			buildConfigurationList = 75B495BA2B172FAF00653A44 /* Build configuration list for PBXNativeTarget "Bruins BasketballUITests" */;
			buildPhases = (
				75B495A62B172FAF00653A44 /* Sources */,
				75B495A72B172FAF00653A44 /* Frameworks */,
				75B495A82B172FAF00653A44 /* Resources */,
			);
			buildRules = (
			);
			dependencies = (
				75B495AC2B172FAF00653A44 /* PBXTargetDependency */,
			);
			name = "Bruins BasketballUITests";
			productName = "Bruins BasketballUITests";
			productReference = 75B495AA2B172FAF00653A44 /* Bruins BasketballUITests.xctest */;
			productType = "com.apple.product-type.bundle.ui-testing";
		};
/* End PBXNativeTarget section */

/* Begin PBXProject section */
		75B495882B172FAC00653A44 /* Project object */ = {
			isa = PBXProject;
			attributes = {
				BuildIndependentTargetsInParallel = 1;
				LastSwiftUpdateCheck = 1430;
				LastUpgradeCheck = 1430;
				TargetAttributes = {
					75B4958F2B172FAD00653A44 = {
						CreatedOnToolsVersion = 14.3.1;
					};
					75B4959F2B172FAF00653A44 = {
						CreatedOnToolsVersion = 14.3.1;
						TestTargetID = 75B4958F2B172FAD00653A44;
					};
					75B495A92B172FAF00653A44 = {
						CreatedOnToolsVersion = 14.3.1;
						TestTargetID = 75B4958F2B172FAD00653A44;
					};
				};
			};
			buildConfigurationList = 75B4958B2B172FAC00653A44 /* Build configuration list for PBXProject "Bruins Basketball" */;
			compatibilityVersion = "Xcode 14.0";
			developmentRegion = en;
			hasScannedForEncodings = 0;
			knownRegions = (
				en,
				Base,
			);
			mainGroup = 75B495872B172FAC00653A44;
			productRefGroup = 75B495912B172FAD00653A44 /* Products */;
			projectDirPath = "";
			projectRoot = "";
			targets = (
				75B4958F2B172FAD00653A44 /* Bruins Basketball */,
				75B4959F2B172FAF00653A44 /* Bruins BasketballTests */,
				75B495A92B172FAF00653A44 /* Bruins BasketballUITests */,
			);
		};
/* End PBXProject section */

/* Begin PBXResourcesBuildPhase section */
		75B4958E2B172FAD00653A44 /* Resources */ = {
			isa = PBXResourcesBuildPhase;
			buildActionMask = 2147483647;
			files = (
				75B4959B2B172FAF00653A44 /* Preview Assets.xcassets in Resources */,
				75B495982B172FAF00653A44 /* Assets.xcassets in Resources */,
			);
			runOnlyForDeploymentPostprocessing = 0;
		};
		75B4959E2B172FAF00653A44 /* Resources */ = {
			isa = PBXResourcesBuildPhase;
			buildActionMask = 2147483647;
			files = (
			);
			runOnlyForDeploymentPostprocessing = 0;
		};
		75B495A82B172FAF00653A44 /* Resources */ = {
			isa = PBXResourcesBuildPhase;
			buildActionMask = 2147483647;
			files = (
			);
			runOnlyForDeploymentPostprocessing = 0;
		};
/* End PBXResourcesBuildPhase section */

/* Begin PBXSourcesBuildPhase section */
		75B4958C2B172FAD00653A44 /* Sources */ = {
			isa = PBXSourcesBuildPhase;
			buildActionMask = 2147483647;
			files = (
				75B495962B172FAD00653A44 /* ContentView.swift in Sources */,
				75B495942B172FAD00653A44 /* Bruins_BasketballApp.swift in Sources */,
			);
			runOnlyForDeploymentPostprocessing = 0;
		};
		75B4959C2B172FAF00653A44 /* Sources */ = {
			isa = PBXSourcesBuildPhase;
			buildActionMask = 2147483647;
			files = (
				75B495A52B172FAF00653A44 /* Bruins_BasketballTests.swift in Sources */,
			);
			runOnlyForDeploymentPostprocessing = 0;
		};
		75B495A62B172FAF00653A44 /* Sources */ = {
			isa = PBXSourcesBuildPhase;
			buildActionMask = 2147483647;
			files = (
				75B495B12B172FAF00653A44 /* Bruins_BasketballUITestsLaunchTests.swift in Sources */,
				75B495AF2B172FAF00653A44 /* Bruins_BasketballUITests.swift in Sources */,
			);
			runOnlyForDeploymentPostprocessing = 0;
		};
/* End PBXSourcesBuildPhase section */

/* Begin PBXTargetDependency section */
		75B495A22B172FAF00653A44 /* PBXTargetDependency */ = {
			isa = PBXTargetDependency;
			target = 75B4958F2B172FAD00653A44 /* Bruins Basketball */;
			targetProxy = 75B495A12B172FAF00653A44 /* PBXContainerItemProxy */;
		};
		75B495AC2B172FAF00653A44 /* PBXTargetDependency */ = {
			isa = PBXTargetDependency;
			target = 75B4958F2B172FAD00653A44 /* Bruins Basketball */;
			targetProxy = 75B495AB2B172FAF00653A44 /* PBXContainerItemProxy */;
		};
/* End PBXTargetDependency section */

/* Begin XCBuildConfiguration section */
		75B495B22B172FAF00653A44 /* Debug */ = {
			isa = XCBuildConfiguration;
			buildSettings = {
				ALWAYS_SEARCH_USER_PATHS = NO;
				CLANG_ANALYZER_NONNULL = YES;
				CLANG_ANALYZER_NUMBER_OBJECT_CONVERSION = YES_AGGRESSIVE;
				CLANG_CXX_LANGUAGE_STANDARD = "gnu++20";
				CLANG_ENABLE_MODULES = YES;
				CLANG_ENABLE_OBJC_ARC = YES;
				CLANG_ENABLE_OBJC_WEAK = YES;
				CLANG_WARN_BLOCK_CAPTURE_AUTORELEASING = YES;
				CLANG_WARN_BOOL_CONVERSION = YES;
				CLANG_WARN_COMMA = YES;
				CLANG_WARN_CONSTANT_CONVERSION = YES;
				CLANG_WARN_DEPRECATED_OBJC_IMPLEMENTATIONS = YES;
				CLANG_WARN_DIRECT_OBJC_ISA_USAGE = YES_ERROR;
				CLANG_WARN_DOCUMENTATION_COMMENTS = YES;
				CLANG_WARN_EMPTY_BODY = YES;
				CLANG_WARN_ENUM_CONVERSION = YES;
				CLANG_WARN_INFINITE_RECURSION = YES;
				CLANG_WARN_INT_CONVERSION = YES;
				CLANG_WARN_NON_LITERAL_NULL_CONVERSION = YES;
				CLANG_WARN_OBJC_IMPLICIT_RETAIN_SELF = YES;
				CLANG_WARN_OBJC_LITERAL_CONVERSION = YES;
				CLANG_WARN_OBJC_ROOT_CLASS = YES_ERROR;
				CLANG_WARN_QUOTED_INCLUDE_IN_FRAMEWORK_HEADER = YES;
				CLANG_WARN_RANGE_LOOP_ANALYSIS = YES;
				CLANG_WARN_STRICT_PROTOTYPES = YES;
				CLANG_WARN_SUSPICIOUS_MOVE = YES;
				CLANG_WARN_UNGUARDED_AVAILABILITY = YES_AGGRESSIVE;
				CLANG_WARN_UNREACHABLE_CODE = YES;
				CLANG_WARN__DUPLICATE_METHOD_MATCH = YES;
				COPY_PHASE_STRIP = NO;
				DEBUG_INFORMATION_FORMAT = dwarf;
				ENABLE_STRICT_OBJC_MSGSEND = YES;
				ENABLE_TESTABILITY = YES;
				GCC_C_LANGUAGE_STANDARD = gnu11;
				GCC_DYNAMIC_NO_PIC = NO;
				GCC_NO_COMMON_BLOCKS = YES;
				GCC_OPTIMIZATION_LEVEL = 0;
				GCC_PREPROCESSOR_DEFINITIONS = (
					"DEBUG=1",
					"$(inherited)",
				);
				GCC_WARN_64_TO_32_BIT_CONVERSION = YES;
				GCC_WARN_ABOUT_RETURN_TYPE = YES_ERROR;
				GCC_WARN_UNDECLARED_SELECTOR = YES;
				GCC_WARN_UNINITIALIZED_AUTOS = YES_AGGRESSIVE;
				GCC_WARN_UNUSED_FUNCTION = YES;
				GCC_WARN_UNUSED_VARIABLE = YES;
				IPHONEOS_DEPLOYMENT_TARGET = 16.4;
				MTL_ENABLE_DEBUG_INFO = INCLUDE_SOURCE;
				MTL_FAST_MATH = YES;
				ONLY_ACTIVE_ARCH = YES;
				SDKROOT = iphoneos;
				SWIFT_ACTIVE_COMPILATION_CONDITIONS = DEBUG;
				SWIFT_OPTIMIZATION_LEVEL = "-Onone";
			};
			name = Debug;
		};
		75B495B32B172FAF00653A44 /* Release */ = {
			isa = XCBuildConfiguration;
			buildSettings = {
				ALWAYS_SEARCH_USER_PATHS = NO;
				CLANG_ANALYZER_NONNULL = YES;
				CLANG_ANALYZER_NUMBER_OBJECT_CONVERSION = YES_AGGRESSIVE;
				CLANG_CXX_LANGUAGE_STANDARD = "gnu++20";
				CLANG_ENABLE_MODULES = YES;
				CLANG_ENABLE_OBJC_ARC = YES;
				CLANG_ENABLE_OBJC_WEAK = YES;
				CLANG_WARN_BLOCK_CAPTURE_AUTORELEASING = YES;
				CLANG_WARN_BOOL_CONVERSION = YES;
				CLANG_WARN_COMMA = YES;
				CLANG_WARN_CONSTANT_CONVERSION = YES;
				CLANG_WARN_DEPRECATED_OBJC_IMPLEMENTATIONS = YES;
				CLANG_WARN_DIRECT_OBJC_ISA_USAGE = YES_ERROR;
				CLANG_WARN_DOCUMENTATION_COMMENTS = YES;
				CLANG_WARN_EMPTY_BODY = YES;
				CLANG_WARN_ENUM_CONVERSION = YES;
				CLANG_WARN_INFINITE_RECURSION = YES;
				CLANG_WARN_INT_CONVERSION = YES;
				CLANG_WARN_NON_LITERAL_NULL_CONVERSION = YES;
				CLANG_WARN_OBJC_IMPLICIT_RETAIN_SELF = YES;
				CLANG_WARN_OBJC_LITERAL_CONVERSION = YES;
				CLANG_WARN_OBJC_ROOT_CLASS = YES_ERROR;
				CLANG_WARN_QUOTED_INCLUDE_IN_FRAMEWORK_HEADER = YES;
				CLANG_WARN_RANGE_LOOP_ANALYSIS = YES;
				CLANG_WARN_STRICT_PROTOTYPES = YES;
				CLANG_WARN_SUSPICIOUS_MOVE = YES;
				CLANG_WARN_UNGUARDED_AVAILABILITY = YES_AGGRESSIVE;
				CLANG_WARN_UNREACHABLE_CODE = YES;
				CLANG_WARN__DUPLICATE_METHOD_MATCH = YES;
				COPY_PHASE_STRIP = NO;
				DEBUG_INFORMATION_FORMAT = "dwarf-with-dsym";
				ENABLE_NS_ASSERTIONS = NO;
				ENABLE_STRICT_OBJC_MSGSEND = YES;
				GCC_C_LANGUAGE_STANDARD = gnu11;
				GCC_NO_COMMON_BLOCKS = YES;
				GCC_WARN_64_TO_32_BIT_CONVERSION = YES;
				GCC_WARN_ABOUT_RETURN_TYPE = YES_ERROR;
				GCC_WARN_UNDECLARED_SELECTOR = YES;
				GCC_WARN_UNINITIALIZED_AUTOS = YES_AGGRESSIVE;
				GCC_WARN_UNUSED_FUNCTION = YES;
				GCC_WARN_UNUSED_VARIABLE = YES;
				IPHONEOS_DEPLOYMENT_TARGET = 16.4;
				MTL_ENABLE_DEBUG_INFO = NO;
				MTL_FAST_MATH = YES;
				SDKROOT = iphoneos;
				SWIFT_COMPILATION_MODE = wholemodule;
				SWIFT_OPTIMIZATION_LEVEL = "-O";
				VALIDATE_PRODUCT = YES;
			};
			name = Release;
		};
		75B495B52B172FAF00653A44 /* Debug */ = {
			isa = XCBuildConfiguration;
			buildSettings = {
				ASSETCATALOG_COMPILER_APPICON_NAME = AppIcon;
				ASSETCATALOG_COMPILER_GLOBAL_ACCENT_COLOR_NAME = AccentColor;
				CODE_SIGN_STYLE = Automatic;
				CURRENT_PROJECT_VERSION = 1;
				DEVELOPMENT_ASSET_PATHS = "\"Bruins Basketball/Preview Content\"";
				ENABLE_PREVIEWS = YES;
				GENERATE_INFOPLIST_FILE = YES;
				INFOPLIST_KEY_UIApplicationSceneManifest_Generation = YES;
				INFOPLIST_KEY_UIApplicationSupportsIndirectInputEvents = YES;
				INFOPLIST_KEY_UILaunchScreen_Generation = YES;
				INFOPLIST_KEY_UISupportedInterfaceOrientations_iPad = "UIInterfaceOrientationPortrait UIInterfaceOrientationPortraitUpsideDown UIInterfaceOrientationLandscapeLeft UIInterfaceOrientationLandscapeRight";
				INFOPLIST_KEY_UISupportedInterfaceOrientations_iPhone = "UIInterfaceOrientationPortrait UIInterfaceOrientationLandscapeLeft UIInterfaceOrientationLandscapeRight";
				LD_RUNPATH_SEARCH_PATHS = (
					"$(inherited)",
					"@executable_path/Frameworks",
				);
				MARKETING_VERSION = 1.0;
				PRODUCT_BUNDLE_IDENTIFIER = "UCLA.Bruins-Basketball";
				PRODUCT_NAME = "$(TARGET_NAME)";
				SWIFT_EMIT_LOC_STRINGS = YES;
				SWIFT_VERSION = 5.0;
				TARGETED_DEVICE_FAMILY = "1,2";
			};
			name = Debug;
		};
		75B495B62B172FAF00653A44 /* Release */ = {
			isa = XCBuildConfiguration;
			buildSettings = {
				ASSETCATALOG_COMPILER_APPICON_NAME = AppIcon;
				ASSETCATALOG_COMPILER_GLOBAL_ACCENT_COLOR_NAME = AccentColor;
				CODE_SIGN_STYLE = Automatic;
				CURRENT_PROJECT_VERSION = 1;
				DEVELOPMENT_ASSET_PATHS = "\"Bruins Basketball/Preview Content\"";
				ENABLE_PREVIEWS = YES;
				GENERATE_INFOPLIST_FILE = YES;
				INFOPLIST_KEY_UIApplicationSceneManifest_Generation = YES;
				INFOPLIST_KEY_UIApplicationSupportsIndirectInputEvents = YES;
				INFOPLIST_KEY_UILaunchScreen_Generation = YES;
				INFOPLIST_KEY_UISupportedInterfaceOrientations_iPad = "UIInterfaceOrientationPortrait UIInterfaceOrientationPortraitUpsideDown UIInterfaceOrientationLandscapeLeft UIInterfaceOrientationLandscapeRight";
				INFOPLIST_KEY_UISupportedInterfaceOrientations_iPhone = "UIInterfaceOrientationPortrait UIInterfaceOrientationLandscapeLeft UIInterfaceOrientationLandscapeRight";
				LD_RUNPATH_SEARCH_PATHS = (
					"$(inherited)",
					"@executable_path/Frameworks",
				);
				MARKETING_VERSION = 1.0;
				PRODUCT_BUNDLE_IDENTIFIER = "UCLA.Bruins-Basketball";
				PRODUCT_NAME = "$(TARGET_NAME)";
				SWIFT_EMIT_LOC_STRINGS = YES;
				SWIFT_VERSION = 5.0;
				TARGETED_DEVICE_FAMILY = "1,2";
			};
			name = Release;
		};
		75B495B82B172FAF00653A44 /* Debug */ = {
			isa = XCBuildConfiguration;
			buildSettings = {
				ALWAYS_EMBED_SWIFT_STANDARD_LIBRARIES = YES;
				BUNDLE_LOADER = "$(TEST_HOST)";
				CODE_SIGN_STYLE = Automatic;
				CURRENT_PROJECT_VERSION = 1;
				GENERATE_INFOPLIST_FILE = YES;
				IPHONEOS_DEPLOYMENT_TARGET = 16.4;
				MARKETING_VERSION = 1.0;
				PRODUCT_BUNDLE_IDENTIFIER = "UCLA.Bruins-BasketballTests";
				PRODUCT_NAME = "$(TARGET_NAME)";
				SWIFT_EMIT_LOC_STRINGS = NO;
				SWIFT_VERSION = 5.0;
				TARGETED_DEVICE_FAMILY = "1,2";
				TEST_HOST = "$(BUILT_PRODUCTS_DIR)/Bruins Basketball.app/$(BUNDLE_EXECUTABLE_FOLDER_PATH)/Bruins Basketball";
			};
			name = Debug;
		};
		75B495B92B172FAF00653A44 /* Release */ = {
			isa = XCBuildConfiguration;
			buildSettings = {
				ALWAYS_EMBED_SWIFT_STANDARD_LIBRARIES = YES;
				BUNDLE_LOADER = "$(TEST_HOST)";
				CODE_SIGN_STYLE = Automatic;
				CURRENT_PROJECT_VERSION = 1;
				GENERATE_INFOPLIST_FILE = YES;
				IPHONEOS_DEPLOYMENT_TARGET = 16.4;
				MARKETING_VERSION = 1.0;
				PRODUCT_BUNDLE_IDENTIFIER = "UCLA.Bruins-BasketballTests";
				PRODUCT_NAME = "$(TARGET_NAME)";
				SWIFT_EMIT_LOC_STRINGS = NO;
				SWIFT_VERSION = 5.0;
				TARGETED_DEVICE_FAMILY = "1,2";
				TEST_HOST = "$(BUILT_PRODUCTS_DIR)/Bruins Basketball.app/$(BUNDLE_EXECUTABLE_FOLDER_PATH)/Bruins Basketball";
			};
			name = Release;
		};
		75B495BB2B172FAF00653A44 /* Debug */ = {
			isa = XCBuildConfiguration;
			buildSettings = {
				ALWAYS_EMBED_SWIFT_STANDARD_LIBRARIES = YES;
				CODE_SIGN_STYLE = Automatic;
				CURRENT_PROJECT_VERSION = 1;
				GENERATE_INFOPLIST_FILE = YES;
				MARKETING_VERSION = 1.0;
				PRODUCT_BUNDLE_IDENTIFIER = "UCLA.Bruins-BasketballUITests";
				PRODUCT_NAME = "$(TARGET_NAME)";
				SWIFT_EMIT_LOC_STRINGS = NO;
				SWIFT_VERSION = 5.0;
				TARGETED_DEVICE_FAMILY = "1,2";
				TEST_TARGET_NAME = "Bruins Basketball";
			};
			name = Debug;
		};
		75B495BC2B172FAF00653A44 /* Release */ = {
			isa = XCBuildConfiguration;
			buildSettings = {
				ALWAYS_EMBED_SWIFT_STANDARD_LIBRARIES = YES;
				CODE_SIGN_STYLE = Automatic;
				CURRENT_PROJECT_VERSION = 1;
				GENERATE_INFOPLIST_FILE = YES;
				MARKETING_VERSION = 1.0;
				PRODUCT_BUNDLE_IDENTIFIER = "UCLA.Bruins-BasketballUITests";
				PRODUCT_NAME = "$(TARGET_NAME)";
				SWIFT_EMIT_LOC_STRINGS = NO;
				SWIFT_VERSION = 5.0;
				TARGETED_DEVICE_FAMILY = "1,2";
				TEST_TARGET_NAME = "Bruins Basketball";
			};
			name = Release;
		};
/* End XCBuildConfiguration section */

/* Begin XCConfigurationList section */
		75B4958B2B172FAC00653A44 /* Build configuration list for PBXProject "Bruins Basketball" */ = {
			isa = XCConfigurationList;
			buildConfigurations = (
				75B495B22B172FAF00653A44 /* Debug */,
				75B495B32B172FAF00653A44 /* Release */,
			);
			defaultConfigurationIsVisible = 0;
			defaultConfigurationName = Release;
		};
		75B495B42B172FAF00653A44 /* Build configuration list for PBXNativeTarget "Bruins Basketball" */ = {
			isa = XCConfigurationList;
			buildConfigurations = (
				75B495B52B172FAF00653A44 /* Debug */,
				75B495B62B172FAF00653A44 /* Release */,
			);
			defaultConfigurationIsVisible = 0;
			defaultConfigurationName = Release;
		};
		75B495B72B172FAF00653A44 /* Build configuration list for PBXNativeTarget "Bruins BasketballTests" */ = {
			isa = XCConfigurationList;
			buildConfigurations = (
				75B495B82B172FAF00653A44 /* Debug */,
				75B495B92B172FAF00653A44 /* Release */,
			);
			defaultConfigurationIsVisible = 0;
			defaultConfigurationName = Release;
		};
		75B495BA2B172FAF00653A44 /* Build configuration list for PBXNativeTarget "Bruins BasketballUITests" */ = {
			isa = XCConfigurationList;
			buildConfigurations = (
				75B495BB2B172FAF00653A44 /* Debug */,
				75B495BC2B172FAF00653A44 /* Release */,
			);
			defaultConfigurationIsVisible = 0;
			defaultConfigurationName = Release;
		};
/* End XCConfigurationList section */
	};
	rootObject = 75B495882B172FAC00653A44 /* Project object */;
}
